
Microsoft Visual Studio Solution File, Format Version 12.00
# Visual Studio Version 16
VisualStudioVersion = 16.0.31313.381
MinimumVisualStudioVersion = 10.0.40219.1
Project("{FAE04EC0-301F-11D3-BF4B-00C04F79EFBC}") = "DemoStatusBar.Android", "DemoStatusBar.Android\DemoStatusBar.Android.csproj", "{599A6019-C155-436B-A5C1-4C1FEA3EDAE7}"
EndProject
Project("{FAE04EC0-301F-11D3-BF4B-00C04F79EFBC}") = "DemoStatusBar.iOS", "DemoStatusBar.iOS\DemoStatusBar.iOS.csproj", "{54E3742C-9800-4E2F-9C98-FFAB2C65C443}"
EndProject
Project("{FAE04EC0-301F-11D3-BF4B-00C04F79EFBC}") = "DemoStatusBar", "DemoStatusBar\DemoStatusBar.csproj", "{3EAFD191-9B44-4FCA-BB14-C3F2BA4DB7E1}"
EndProject
Global
	GlobalSection(SolutionConfigurationPlatforms) = preSolution
		Debug|Any CPU = Debug|Any CPU
		Debug|iPhone = Debug|iPhone
		Debug|iPhoneSimulator = Debug|iPhoneSimulator
		Release|Any CPU = Release|Any CPU
		Release|iPhone = Release|iPhone
		Release|iPhoneSimulator = Release|iPhoneSimulator
	EndGlobalSection
	GlobalSection(ProjectConfigurationPlatforms) = postSolution
		{599A6019-C155-436B-A5C1-4C1FEA3EDAE7}.Debug|Any CPU.ActiveCfg = Debug|Any CPU
		{599A6019-C155-436B-A5C1-4C1FEA3EDAE7}.Debug|Any CPU.Build.0 = Debug|Any CPU
		{599A6019-C155-436B-A5C1-4C1FEA3EDAE7}.Debug|Any CPU.Deploy.0 = Debug|Any CPU
		{599A6019-C155-436B-A5C1-4C1FEA3EDAE7}.Debug|iPhone.ActiveCfg = Debug|Any CPU
		{599A6019-C155-436B-A5C1-4C1FEA3EDAE7}.Debug|iPhone.Build.0 = Debug|Any CPU
		{599A6019-C155-436B-A5C1-4C1FEA3EDAE7}.Debug|iPhone.Deploy.0 = Debug|Any CPU
		{599A6019-C155-436B-A5C1-4C1FEA3EDAE7}.Debug|iPhoneSimulator.ActiveCfg = Debug|Any CPU
		{599A6019-C155-436B-A5C1-4C1FEA3EDAE7}.Debug|iPhoneSimulator.Build.0 = Debug|Any CPU
		{599A6019-C155-436B-A5C1-4C1FEA3EDAE7}.Debug|iPhoneSimulator.Deploy.0 = Debug|Any CPU
		{599A6019-C155-436B-A5C1-4C1FEA3EDAE7}.Release|Any CPU.ActiveCfg = Release|Any CPU
		{599A6019-C155-436B-A5C1-4C1FEA3EDAE7}.Release|Any CPU.Build.0 = Release|Any CPU
		{599A6019-C155-436B-A5C1-4C1FEA3EDAE7}.Release|Any CPU.Deploy.0 = Release|Any CPU
		{599A6019-C155-436B-A5C1-4C1FEA3EDAE7}.Release|iPhone.ActiveCfg = Release|Any CPU
		{599A6019-C155-436B-A5C1-4C1FEA3EDAE7}.Release|iPhone.Build.0 = Release|Any CPU
		{599A6019-C155-436B-A5C1-4C1FEA3EDAE7}.Release|iPhone.Deploy.0 = Release|Any CPU
		{599A6019-C155-436B-A5C1-4C1FEA3EDAE7}.Release|iPhoneSimulator.ActiveCfg = Release|Any CPU
		{599A6019-C155-436B-A5C1-4C1FEA3EDAE7}.Release|iPhoneSimulator.Build.0 = Release|Any CPU
		{599A6019-C155-436B-A5C1-4C1FEA3EDAE7}.Release|iPhoneSimulator.Deploy.0 = Release|Any CPU
		{54E3742C-9800-4E2F-9C98-FFAB2C65C443}.Debug|Any CPU.ActiveCfg = Debug|iPhone
		{54E3742C-9800-4E2F-9C98-FFAB2C65C443}.Debug|Any CPU.Build.0 = Debug|iPhone
		{54E3742C-9800-4E2F-9C98-FFAB2C65C443}.Debug|Any CPU.Deploy.0 = Debug|iPhone
		{54E3742C-9800-4E2F-9C98-FFAB2C65C443}.Debug|iPhone.ActiveCfg = Debug|iPhone
		{54E3742C-9800-4E2F-9C98-FFAB2C65C443}.Debug|iPhone.Build.0 = Debug|iPhone
		{54E3742C-9800-4E2F-9C98-FFAB2C65C443}.Debug|iPhone.Deploy.0 = Debug|iPhone
		{54E3742C-9800-4E2F-9C98-FFAB2C65C443}.Debug|iPhoneSimulator.ActiveCfg = Debug|iPhoneSimulator
		{54E3742C-9800-4E2F-9C98-FFAB2C65C443}.Debug|iPhoneSimulator.Build.0 = Debug|iPhoneSimulator
		{54E3742C-9800-4E2F-9C98-FFAB2C65C443}.Debug|iPhoneSimulator.Deploy.0 = Debug|iPhoneSimulator
		{54E3742C-9800-4E2F-9C98-FFAB2C65C443}.Release|Any CPU.ActiveCfg = Release|iPhoneSimulator
		{54E3742C-9800-4E2F-9C98-FFAB2C65C443}.Release|Any CPU.Build.0 = Release|iPhoneSimulator
		{54E3742C-9800-4E2F-9C98-FFAB2C65C443}.Release|Any CPU.Deploy.0 = Release|iPhoneSimulator
		{54E3742C-9800-4E2F-9C98-FFAB2C65C443}.Release|iPhone.ActiveCfg = Release|iPhone
		{54E3742C-9800-4E2F-9C98-FFAB2C65C443}.Release|iPhone.Build.0 = Release|iPhone
		{54E3742C-9800-4E2F-9C98-FFAB2C65C443}.Release|iPhone.Deploy.0 = Release|iPhone
		{54E3742C-9800-4E2F-9C98-FFAB2C65C443}.Release|iPhoneSimulator.ActiveCfg = Release|iPhoneSimulator
		{54E3742C-9800-4E2F-9C98-FFAB2C65C443}.Release|iPhoneSimulator.Build.0 = Release|iPhoneSimulator
		{54E3742C-9800-4E2F-9C98-FFAB2C65C443}.Release|iPhoneSimulator.Deploy.0 = Release|iPhoneSimulator
		{3EAFD191-9B44-4FCA-BB14-C3F2BA4DB7E1}.Debug|Any CPU.ActiveCfg = Debug|Any CPU
		{3EAFD191-9B44-4FCA-BB14-C3F2BA4DB7E1}.Debug|Any CPU.Build.0 = Debug|Any CPU
		{3EAFD191-9B44-4FCA-BB14-C3F2BA4DB7E1}.Debug|Any CPU.Deploy.0 = Debug|Any CPU
		{3EAFD191-9B44-4FCA-BB14-C3F2BA4DB7E1}.Debug|iPhone.ActiveCfg = Debug|Any CPU
		{3EAFD191-9B44-4FCA-BB14-C3F2BA4DB7E1}.Debug|iPhone.Build.0 = Debug|Any CPU
		{3EAFD191-9B44-4FCA-BB14-C3F2BA4DB7E1}.Debug|iPhone.Deploy.0 = Debug|Any CPU
		{3EAFD191-9B44-4FCA-BB14-C3F2BA4DB7E1}.Debug|iPhoneSimulator.ActiveCfg = Debug|Any CPU
		{3EAFD191-9B44-4FCA-BB14-C3F2BA4DB7E1}.Debug|iPhoneSimulator.Build.0 = Debug|Any CPU
		{3EAFD191-9B44-4FCA-BB14-C3F2BA4DB7E1}.Debug|iPhoneSimulator.Deploy.0 = Debug|Any CPU
		{3EAFD191-9B44-4FCA-BB14-C3F2BA4DB7E1}.Release|Any CPU.ActiveCfg = Release|Any CPU
		{3EAFD191-9B44-4FCA-BB14-C3F2BA4DB7E1}.Release|Any CPU.Build.0 = Release|Any CPU
		{3EAFD191-9B44-4FCA-BB14-C3F2BA4DB7E1}.Release|Any CPU.Deploy.0 = Release|Any CPU
		{3EAFD191-9B44-4FCA-BB14-C3F2BA4DB7E1}.Release|iPhone.ActiveCfg = Release|Any CPU
		{3EAFD191-9B44-4FCA-BB14-C3F2BA4DB7E1}.Release|iPhone.Build.0 = Release|Any CPU
		{3EAFD191-9B44-4FCA-BB14-C3F2BA4DB7E1}.Release|iPhone.Deploy.0 = Release|Any CPU
		{3EAFD191-9B44-4FCA-BB14-C3F2BA4DB7E1}.Release|iPhoneSimulator.ActiveCfg = Release|Any CPU
		{3EAFD191-9B44-4FCA-BB14-C3F2BA4DB7E1}.Release|iPhoneSimulator.Build.0 = Release|Any CPU
		{3EAFD191-9B44-4FCA-BB14-C3F2BA4DB7E1}.Release|iPhoneSimulator.Deploy.0 = Release|Any CPU
	EndGlobalSection
	GlobalSection(SolutionProperties) = preSolution
		HideSolutionNode = FALSE
	EndGlobalSection
	GlobalSection(ExtensibilityGlobals) = postSolution
		SolutionGuid = {26A3E638-B22D-44A5-A221-07FF267C4994}
	EndGlobalSection
EndGlobal
